
Microsoft Visual Studio Solution File, Format Version 12.00
# Visual Studio Version 17
VisualStudioVersion = 17.14.36401.2 d17.14
MinimumVisualStudioVersion = 10.0.40219.1
Project("{2150E333-8FDC-42A3-9474-1A3956D46DE8}") = "src", "src", "{02EA681E-C7D8-13C7-8484-4AC65E1B71E8}"
EndProject
Project("{2150E333-8FDC-42A3-9474-1A3956D46DE8}") = "API", "API", "{DBD8CC50-CF43-4BAF-9740-4E2A076682A4}"
EndProject
Project("{2150E333-8FDC-42A3-9474-1A3956D46DE8}") = "CORE", "CORE", "{632E084A-27D6-4339-A2CC-1E7B67BE69DA}"
EndProject
Project("{FAE04EC0-301F-11D3-BF4B-00C04F79EFBC}") = "WebApi", "src\API\WebApi\WebApi.csproj", "{C34F1E99-7DE1-4688-82D2-113865ED4D49}"
EndProject
Project("{FAE04EC0-301F-11D3-BF4B-00C04F79EFBC}") = "Domain", "src\CORE\Domain\Domain.csproj", "{A6D7A1FD-92BC-4121-83C5-0E37DF6CE37B}"
EndProject
Project("{FAE04EC0-301F-11D3-BF4B-00C04F79EFBC}") = "Infraestructure", "src\CORE\Infraestructure\Infraestructure.csproj", "{E852898C-6379-423C-9EA1-4E6B444BBD60}"
EndProject
Global
	GlobalSection(SolutionConfigurationPlatforms) = preSolution
		Debug|Any CPU = Debug|Any CPU
		Release|Any CPU = Release|Any CPU
	EndGlobalSection
	GlobalSection(ProjectConfigurationPlatforms) = postSolution
		{C34F1E99-7DE1-4688-82D2-113865ED4D49}.Debug|Any CPU.ActiveCfg = Debug|Any CPU
		{C34F1E99-7DE1-4688-82D2-113865ED4D49}.Debug|Any CPU.Build.0 = Debug|Any CPU
		{C34F1E99-7DE1-4688-82D2-113865ED4D49}.Release|Any CPU.ActiveCfg = Release|Any CPU
		{C34F1E99-7DE1-4688-82D2-113865ED4D49}.Release|Any CPU.Build.0 = Release|Any CPU
		{A6D7A1FD-92BC-4121-83C5-0E37DF6CE37B}.Debug|Any CPU.ActiveCfg = Debug|Any CPU
		{A6D7A1FD-92BC-4121-83C5-0E37DF6CE37B}.Debug|Any CPU.Build.0 = Debug|Any CPU
		{A6D7A1FD-92BC-4121-83C5-0E37DF6CE37B}.Release|Any CPU.ActiveCfg = Release|Any CPU
		{A6D7A1FD-92BC-4121-83C5-0E37DF6CE37B}.Release|Any CPU.Build.0 = Release|Any CPU
		{E852898C-6379-423C-9EA1-4E6B444BBD60}.Debug|Any CPU.ActiveCfg = Debug|Any CPU
		{E852898C-6379-423C-9EA1-4E6B444BBD60}.Debug|Any CPU.Build.0 = Debug|Any CPU
		{E852898C-6379-423C-9EA1-4E6B444BBD60}.Release|Any CPU.ActiveCfg = Release|Any CPU
		{E852898C-6379-423C-9EA1-4E6B444BBD60}.Release|Any CPU.Build.0 = Release|Any CPU
	EndGlobalSection
	GlobalSection(SolutionProperties) = preSolution
		HideSolutionNode = FALSE
	EndGlobalSection
	GlobalSection(NestedProjects) = preSolution
		{DBD8CC50-CF43-4BAF-9740-4E2A076682A4} = {02EA681E-C7D8-13C7-8484-4AC65E1B71E8}
		{632E084A-27D6-4339-A2CC-1E7B67BE69DA} = {02EA681E-C7D8-13C7-8484-4AC65E1B71E8}
		{C34F1E99-7DE1-4688-82D2-113865ED4D49} = {DBD8CC50-CF43-4BAF-9740-4E2A076682A4}
		{A6D7A1FD-92BC-4121-83C5-0E37DF6CE37B} = {632E084A-27D6-4339-A2CC-1E7B67BE69DA}
		{E852898C-6379-423C-9EA1-4E6B444BBD60} = {632E084A-27D6-4339-A2CC-1E7B67BE69DA}
	EndGlobalSection
	GlobalSection(ExtensibilityGlobals) = postSolution
		SolutionGuid = {96A45F40-A83C-447F-98CE-4461DEAFE2F7}
	EndGlobalSection
EndGlobal
